{
  "version": 4,
  "terraform_version": "1.1.5",
  "serial": 4,
  "lineage": "6fdcedb8-e047-b61f-4abc-a098f52ed6d9",
  "outputs": {},
  "resources": [
    {
      "mode": "managed",
      "type": "aws_instance",
      "name": "ec2_vm",
      "provider": "provider[\"registry.terraform.io/hashicorp/aws\"]",
      "instances": [
        {
          "schema_version": 1,
          "attributes": {
            "ami": "ami-02aeff1a953c5c2ff",
            "arn": "arn:aws:ec2:eu-north-1:461838051806:instance/i-047e7282de5c5e82e",
            "associate_public_ip_address": true,
            "availability_zone": "eu-north-1c",
            "capacity_reservation_specification": [
              {
                "capacity_reservation_preference": "open",
                "capacity_reservation_target": []
              }
            ],
            "cpu_core_count": 1,
            "cpu_threads_per_core": 2,
            "credit_specification": [
              {
                "cpu_credits": "unlimited"
              }
            ],
            "disable_api_termination": false,
            "ebs_block_device": [],
            "ebs_optimized": false,
            "enclave_options": [
              {
                "enabled": false
              }
            ],
            "ephemeral_block_device": [],
            "get_password_data": false,
            "hibernation": false,
            "host_id": null,
            "iam_instance_profile": "",
            "id": "i-047e7282de5c5e82e",
            "instance_initiated_shutdown_behavior": "stop",
            "instance_state": "running",
            "instance_type": "t3.micro",
            "ipv6_address_count": 0,
            "ipv6_addresses": [],
            "key_name": "hajar-el-hourri-key",
            "launch_template": [],
            "metadata_options": [
              {
                "http_endpoint": "enabled",
                "http_put_response_hop_limit": 1,
                "http_tokens": "optional",
                "instance_metadata_tags": "disabled"
              }
            ],
            "monitoring": false,
            "network_interface": [],
            "outpost_arn": "",
            "password_data": "",
            "placement_group": "",
            "placement_partition_number": null,
            "primary_network_interface_id": "eni-0a52dd03b02e941c6",
            "private_dns": "ip-172-31-13-17.eu-north-1.compute.internal",
            "private_ip": "172.31.13.17",
            "public_dns": "ec2-16-170-108-178.eu-north-1.compute.amazonaws.com",
            "public_ip": "16.170.108.178",
            "root_block_device": [
              {
                "delete_on_termination": true,
                "device_name": "/dev/xvda",
                "encrypted": false,
                "iops": 100,
                "kms_key_id": "",
                "tags": {},
                "throughput": 0,
                "volume_id": "vol-06f5eee34dce105aa",
                "volume_size": 8,
                "volume_type": "gp2"
              }
            ],
            "secondary_private_ips": [],
            "security_groups": [
              "terraform-20221206151159585700000001"
            ],
            "source_dest_check": true,
            "subnet_id": "subnet-05c654c36816ff8a0",
            "tags": {
              "Name": "Etudiant-elorihajar@gmail.com",
              "Owner": "hajar"
            },
            "tags_all": {
              "Name": "Etudiant-elorihajar@gmail.com",
              "Owner": "hajar"
            },
            "tenancy": "default",
            "timeouts": null,
            "user_data": null,
            "user_data_base64": null,
            "volume_tags": null,
            "vpc_security_group_ids": [
              "sg-011ce3aaa627609c4"
            ]
          },
          "sensitive_attributes": [],
          "private": "eyJlMmJmYjczMC1lY2FhLTExZTYtOGY4OC0zNDM2M2JjN2M0YzAiOnsiY3JlYXRlIjo2MDAwMDAwMDAwMDAsImRlbGV0ZSI6MTIwMDAwMDAwMDAwMCwidXBkYXRlIjo2MDAwMDAwMDAwMDB9LCJzY2hlbWFfdmVyc2lvbiI6IjEifQ==",
          "dependencies": [
            "aws_security_group.default"
          ]
        }
      ]
    },
    {
      "mode": "managed",
      "type": "aws_key_pair",
      "name": "hajar-el-hourri-key",
      "provider": "provider[\"registry.terraform.io/hashicorp/aws\"]",
      "instances": [
        {
          "schema_version": 1,
          "attributes": {
            "arn": "arn:aws:ec2:eu-north-1:461838051806:key-pair/hajar-el-hourri-key",
            "fingerprint": "21:df:af:dc:a6:a5:84:ed:c3:e8:da:09:29:a3:ca:40",
            "id": "hajar-el-hourri-key",
            "key_name": "hajar-el-hourri-key",
            "key_name_prefix": "",
            "key_pair_id": "key-045a6da41e182e859",
            "public_key": "ssh-rsa AAAAB3NzaC1yc2EAAAADAQABAAABgQC0q1+joGBsF+IlJ5bS7AtlFWkEjE5Dm8qtsJz80nrJDVTaDNbI3PErulJPRVXrf1PRKIzlXbbi0HaVSnU/0nAIr1ViipnRxASftn2kJ5Me/QUE5W73tq0dxyC7KrP1YsrVXplCk/H9Ld9pO+pyH79rTtt1jqbyXs40Kezq9n296d34J8f4Kzh5FXX2aaNJjkrZqlr2tY7ArziMAuOxjWti5HcKkDGx4s7Gwt3YwT2rz8gEpJxuGuYGr3yJnzN+7MDLGWJndcfPX6Gacu/v0yT0jpcWdFdIWDwrc+oGHTHxpPmu9B6jn9DPM7BzsWSjmuXlwuJ3+2zHatKHKXLxWDVBXjNtSaV5tN/4E+bEZ9B56idLZcYZwre7SjroVthw3J8+CLBbt4rJ3GAHpJmMiF2D8P9GQ/QD9ywwXQA5uruuYzSkWInErOLE97jEW5B98P5m9nVm6coY1aFntCTdeeAgDWADLGOmrNJu5fkfR9v7VlukRAY77g4AWTvmNN+87T8= elori@LAPTOP-PSQO0PEB",
            "tags": null,
            "tags_all": {}
          },
          "sensitive_attributes": [],
          "private": "eyJzY2hlbWFfdmVyc2lvbiI6IjEifQ=="
        }
      ]
    },
    {
      "mode": "managed",
      "type": "aws_security_group",
      "name": "default",
      "provider": "provider[\"registry.terraform.io/hashicorp/aws\"]",
      "instances": [
        {
          "schema_version": 1,
          "attributes": {
            "arn": "arn:aws:ec2:eu-north-1:461838051806:security-group/sg-011ce3aaa627609c4",
            "description": "Managed by Terraform",
            "egress": [
              {
                "cidr_blocks": [
                  "0.0.0.0/0"
                ],
                "description": "",
                "from_port": 0,
                "ipv6_cidr_blocks": [],
                "prefix_list_ids": [],
                "protocol": "-1",
                "security_groups": [],
                "self": false,
                "to_port": 0
              }
            ],
            "id": "sg-011ce3aaa627609c4",
            "ingress": [
              {
                "cidr_blocks": [
                  "0.0.0.0/0"
                ],
                "description": "",
                "from_port": 22,
                "ipv6_cidr_blocks": [],
                "prefix_list_ids": [],
                "protocol": "tcp",
                "security_groups": [],
                "self": false,
                "to_port": 22
              },
              {
                "cidr_blocks": [
                  "0.0.0.0/0"
                ],
                "description": "",
                "from_port": 80,
                "ipv6_cidr_blocks": [],
                "prefix_list_ids": [],
                "protocol": "tcp",
                "security_groups": [],
                "self": false,
                "to_port": 80
              }
            ],
            "name": "terraform-20221206151159585700000001",
            "name_prefix": "terraform-",
            "owner_id": "461838051806",
            "revoke_rules_on_delete": false,
            "tags": null,
            "tags_all": {},
            "timeouts": null,
            "vpc_id": "vpc-03f4d20319eabf3fb"
          },
          "sensitive_attributes": [],
          "private": "eyJlMmJmYjczMC1lY2FhLTExZTYtOGY4OC0zNDM2M2JjN2M0YzAiOnsiY3JlYXRlIjo2MDAwMDAwMDAwMDAsImRlbGV0ZSI6OTAwMDAwMDAwMDAwfSwic2NoZW1hX3ZlcnNpb24iOiIxIn0="
        }
      ]
    }
  ]
}
